
Microsoft Visual Studio Solution File, Format Version 12.00
# Visual Studio Version 17
VisualStudioVersion = 17.14.36811.4
MinimumVisualStudioVersion = 10.0.40219.1
Project("{FAE04EC0-301F-11D3-BF4B-00C04F79EFBC}") = "Tracking.Web", "Tracking.Web.csproj", "{15DAEB4A-9C07-3519-D4B2-C6649A532539}"
EndProject
Project("{2150E333-8FDC-42A3-9474-1A3956D46DE8}") = "Itens de Solução", "Itens de Solução", "{380A7511-A354-6D7A-0CC0-8FA1F1BA7B6C}"
	ProjectSection(SolutionItems) = preProject
		TextFile1.txt = TextFile1.txt
		web.config = web.config
	EndProjectSection
EndProject
Global
	GlobalSection(SolutionConfigurationPlatforms) = preSolution
		Debug|Any CPU = Debug|Any CPU
		Release|Any CPU = Release|Any CPU
	EndGlobalSection
	GlobalSection(ProjectConfigurationPlatforms) = postSolution
		{15DAEB4A-9C07-3519-D4B2-C6649A532539}.Debug|Any CPU.ActiveCfg = Debug|Any CPU
		{15DAEB4A-9C07-3519-D4B2-C6649A532539}.Debug|Any CPU.Build.0 = Debug|Any CPU
		{15DAEB4A-9C07-3519-D4B2-C6649A532539}.Release|Any CPU.ActiveCfg = Release|Any CPU
		{15DAEB4A-9C07-3519-D4B2-C6649A532539}.Release|Any CPU.Build.0 = Release|Any CPU
	EndGlobalSection
	GlobalSection(SolutionProperties) = preSolution
		HideSolutionNode = FALSE
	EndGlobalSection
	GlobalSection(ExtensibilityGlobals) = postSolution
		SolutionGuid = {1DFB4534-55C0-40E5-9A5F-AF624EE5BAFE}
	EndGlobalSection
EndGlobal
